uuid: df654a8c-83bc-4caa-b5f1-61028ceb0021
langcode: en
status: true
dependencies:
  module:
    - feedbacksform
    - system
  theme:
    - quadrextheme
id: feedbacksformblock
theme: quadrextheme
region: content
weight: 0
provider: null
plugin: feedbacksform_block
settings:
  id: feedbacksform_block
  label: 'Feedbacks Form Block'
  provider: feedbacksform
  label_display: '0'
visibility:
  request_path:
    id: request_path
    pages: /feedbacksform/ajax-form
    negate: false
    context_mapping: {  }
