uuid: 9be84dfc-4771-40fd-878d-9fe094a2f77d
langcode: en
status: true
dependencies:
  module:
    - feedbacks
    - system
  theme:
    - quadrextheme
id: feedbacksentityformblock
theme: quadrextheme
region: content
weight: 0
provider: null
plugin: feedbacksform_entity_block
settings:
  id: feedbacksform_entity_block
  label: 'Feedbacks entity Form Block'
  provider: feedbacks
  label_display: '0'
visibility:
  request_path:
    id: request_path
    pages: /content_entity_feedbacks/list
    negate: false
    context_mapping: {  }
